
Microsoft Visual Studio Solution File, Format Version 12.00
# Visual Studio Version 17
VisualStudioVersion = 17.14.36408.4
MinimumVisualStudioVersion = 10.0.40219.1
Project("{F184B08F-C81C-45F6-A57F-5ABD9991F28F}") = "ligaya_bims", "ligaya_bims\ligaya_bims.vbproj", "{76010A34-8B55-4FAB-B28D-55A36CFDFA96}"
EndProject
Global
	GlobalSection(SolutionConfigurationPlatforms) = preSolution
		Debug|Any CPU = Debug|Any CPU
		Release|Any CPU = Release|Any CPU
	EndGlobalSection
	GlobalSection(ProjectConfigurationPlatforms) = postSolution
		{76010A34-8B55-4FAB-B28D-55A36CFDFA96}.Debug|Any CPU.ActiveCfg = Debug|Any CPU
		{76010A34-8B55-4FAB-B28D-55A36CFDFA96}.Debug|Any CPU.Build.0 = Debug|Any CPU
		{76010A34-8B55-4FAB-B28D-55A36CFDFA96}.Release|Any CPU.ActiveCfg = Release|Any CPU
		{76010A34-8B55-4FAB-B28D-55A36CFDFA96}.Release|Any CPU.Build.0 = Release|Any CPU
	EndGlobalSection
	GlobalSection(SolutionProperties) = preSolution
		HideSolutionNode = FALSE
	EndGlobalSection
	GlobalSection(ExtensibilityGlobals) = postSolution
		SolutionGuid = {DCF1EDAA-8D13-4235-9D5E-ADA5C92F74E0}
	EndGlobalSection
EndGlobal
